// !$*UTF8*$!
{
	archiveVersion = 1;
	classes = {
	};
	objectVersion = 55;
	objects = {

/* Begin PBXBuildFile section */
		B4E8E5E5286CDB8100A6B33F /* AppDelegate.swift in Sources */ = {isa = PBXBuildFile; fileRef = B4E8E5E4286CDB8100A6B33F /* AppDelegate.swift */; };
		B4E8E5E7286CDB8100A6B33F /* SceneDelegate.swift in Sources */ = {isa = PBXBuildFile; fileRef = B4E8E5E6286CDB8100A6B33F /* SceneDelegate.swift */; };
		B4E8E5E9286CDB8100A6B33F /* HomeViewController.swift in Sources */ = {isa = PBXBuildFile; fileRef = B4E8E5E8286CDB8100A6B33F /* HomeViewController.swift */; };
		B4E8E5EC286CDB8100A6B33F /* Main.storyboard in Resources */ = {isa = PBXBuildFile; fileRef = B4E8E5EA286CDB8100A6B33F /* Main.storyboard */; };
		B4E8E5EE286CDB8400A6B33F /* Assets.xcassets in Resources */ = {isa = PBXBuildFile; fileRef = B4E8E5ED286CDB8400A6B33F /* Assets.xcassets */; };
		B4E8E5F1286CDB8400A6B33F /* LaunchScreen.storyboard in Resources */ = {isa = PBXBuildFile; fileRef = B4E8E5EF286CDB8400A6B33F /* LaunchScreen.storyboard */; };
		B4E8E5FA286CE3F400A6B33F /* City.swift in Sources */ = {isa = PBXBuildFile; fileRef = B4E8E5F9286CE3F400A6B33F /* City.swift */; };
		B4E8E5FE286CE65500A6B33F /* HomeViewModel.swift in Sources */ = {isa = PBXBuildFile; fileRef = B4E8E5FD286CE65500A6B33F /* HomeViewModel.swift */; };
		B4E8E601286CE78E00A6B33F /* SnapKit in Frameworks */ = {isa = PBXBuildFile; productRef = B4E8E600286CE78E00A6B33F /* SnapKit */; };
		B4E8E604286CE9F800A6B33F /* CityCell.swift in Sources */ = {isa = PBXBuildFile; fileRef = B4E8E603286CE9F800A6B33F /* CityCell.swift */; };
		B4E8E607286CF12900A6B33F /* BusinessViewController.swift in Sources */ = {isa = PBXBuildFile; fileRef = B4E8E606286CF12900A6B33F /* BusinessViewController.swift */; };
		B4E8E609286CFB8C00A6B33F /* BusinessLoader.swift in Sources */ = {isa = PBXBuildFile; fileRef = B4E8E608286CFB8C00A6B33F /* BusinessLoader.swift */; };
		B4E8E60B286CFD8F00A6B33F /* APIService.swift in Sources */ = {isa = PBXBuildFile; fileRef = B4E8E60A286CFD8F00A6B33F /* APIService.swift */; };
		B4E8E60D286D008200A6B33F /* URLSessionHTTPClient.swift in Sources */ = {isa = PBXBuildFile; fileRef = B4E8E60C286D008200A6B33F /* URLSessionHTTPClient.swift */; };
/* End PBXBuildFile section */

/* Begin PBXFileReference section */
		B4E8E5E1286CDB8100A6B33F /* JEFusion.app */ = {isa = PBXFileReference; explicitFileType = wrapper.application; includeInIndex = 0; path = JEFusion.app; sourceTree = BUILT_PRODUCTS_DIR; };
		B4E8E5E4286CDB8100A6B33F /* AppDelegate.swift */ = {isa = PBXFileReference; lastKnownFileType = sourcecode.swift; path = AppDelegate.swift; sourceTree = "<group>"; };
		B4E8E5E6286CDB8100A6B33F /* SceneDelegate.swift */ = {isa = PBXFileReference; lastKnownFileType = sourcecode.swift; path = SceneDelegate.swift; sourceTree = "<group>"; };
		B4E8E5E8286CDB8100A6B33F /* HomeViewController.swift */ = {isa = PBXFileReference; lastKnownFileType = sourcecode.swift; path = HomeViewController.swift; sourceTree = "<group>"; };
		B4E8E5EB286CDB8100A6B33F /* Base */ = {isa = PBXFileReference; lastKnownFileType = file.storyboard; name = Base; path = Base.lproj/Main.storyboard; sourceTree = "<group>"; };
		B4E8E5ED286CDB8400A6B33F /* Assets.xcassets */ = {isa = PBXFileReference; lastKnownFileType = folder.assetcatalog; path = Assets.xcassets; sourceTree = "<group>"; };
		B4E8E5F0286CDB8400A6B33F /* Base */ = {isa = PBXFileReference; lastKnownFileType = file.storyboard; name = Base; path = Base.lproj/LaunchScreen.storyboard; sourceTree = "<group>"; };
		B4E8E5F2286CDB8400A6B33F /* Info.plist */ = {isa = PBXFileReference; lastKnownFileType = text.plist.xml; path = Info.plist; sourceTree = "<group>"; };
		B4E8E5F9286CE3F400A6B33F /* City.swift */ = {isa = PBXFileReference; lastKnownFileType = sourcecode.swift; path = City.swift; sourceTree = "<group>"; };
		B4E8E5FD286CE65500A6B33F /* HomeViewModel.swift */ = {isa = PBXFileReference; lastKnownFileType = sourcecode.swift; path = HomeViewModel.swift; sourceTree = "<group>"; };
		B4E8E603286CE9F800A6B33F /* CityCell.swift */ = {isa = PBXFileReference; lastKnownFileType = sourcecode.swift; path = CityCell.swift; sourceTree = "<group>"; };
		B4E8E606286CF12900A6B33F /* BusinessViewController.swift */ = {isa = PBXFileReference; lastKnownFileType = sourcecode.swift; path = BusinessViewController.swift; sourceTree = "<group>"; };
		B4E8E608286CFB8C00A6B33F /* BusinessLoader.swift */ = {isa = PBXFileReference; lastKnownFileType = sourcecode.swift; path = BusinessLoader.swift; sourceTree = "<group>"; };
		B4E8E60A286CFD8F00A6B33F /* APIService.swift */ = {isa = PBXFileReference; lastKnownFileType = sourcecode.swift; path = APIService.swift; sourceTree = "<group>"; };
		B4E8E60C286D008200A6B33F /* URLSessionHTTPClient.swift */ = {isa = PBXFileReference; lastKnownFileType = sourcecode.swift; path = URLSessionHTTPClient.swift; sourceTree = "<group>"; };
/* End PBXFileReference section */

/* Begin PBXFrameworksBuildPhase section */
		B4E8E5DE286CDB8100A6B33F /* Frameworks */ = {
			isa = PBXFrameworksBuildPhase;
			buildActionMask = 2147483647;
			files = (
				B4E8E601286CE78E00A6B33F /* SnapKit in Frameworks */,
			);
			runOnlyForDeploymentPostprocessing = 0;
		};
/* End PBXFrameworksBuildPhase section */

/* Begin PBXGroup section */
		B4E8E5D8286CDB8100A6B33F = {
			isa = PBXGroup;
			children = (
				B4E8E5E3286CDB8100A6B33F /* JEFusion */,
				B4E8E5E2286CDB8100A6B33F /* Products */,
			);
			sourceTree = "<group>";
		};
		B4E8E5E2286CDB8100A6B33F /* Products */ = {
			isa = PBXGroup;
			children = (
				B4E8E5E1286CDB8100A6B33F /* JEFusion.app */,
			);
			name = Products;
			sourceTree = "<group>";
		};
		B4E8E5E3286CDB8100A6B33F /* JEFusion */ = {
			isa = PBXGroup;
			children = (
				B4E8E5E4286CDB8100A6B33F /* AppDelegate.swift */,
				B4E8E5E6286CDB8100A6B33F /* SceneDelegate.swift */,
				B4E8E5FC286CE5C100A6B33F /* Services */,
				B4E8E5F8286CE3E200A6B33F /* Domain */,
				B4E8E5FB286CE5AE00A6B33F /* UI */,
				B4E8E5EA286CDB8100A6B33F /* Main.storyboard */,
				B4E8E5ED286CDB8400A6B33F /* Assets.xcassets */,
				B4E8E5EF286CDB8400A6B33F /* LaunchScreen.storyboard */,
				B4E8E5F2286CDB8400A6B33F /* Info.plist */,
			);
			path = JEFusion;
			sourceTree = "<group>";
		};
		B4E8E5F8286CE3E200A6B33F /* Domain */ = {
			isa = PBXGroup;
			children = (
				B4E8E5F9286CE3F400A6B33F /* City.swift */,
				B4E8E608286CFB8C00A6B33F /* BusinessLoader.swift */,
			);
			path = Domain;
			sourceTree = "<group>";
		};
		B4E8E5FB286CE5AE00A6B33F /* UI */ = {
			isa = PBXGroup;
			children = (
				B4E8E605286CEA0200A6B33F /* Views */,
				B4E8E602286CE9E600A6B33F /* Cells */,
			);
			path = UI;
			sourceTree = "<group>";
		};
		B4E8E5FC286CE5C100A6B33F /* Services */ = {
			isa = PBXGroup;
			children = (
				B4E8E60A286CFD8F00A6B33F /* APIService.swift */,
				B4E8E60C286D008200A6B33F /* URLSessionHTTPClient.swift */,
			);
			path = Services;
			sourceTree = "<group>";
		};
		B4E8E602286CE9E600A6B33F /* Cells */ = {
			isa = PBXGroup;
			children = (
				B4E8E603286CE9F800A6B33F /* CityCell.swift */,
			);
			path = Cells;
			sourceTree = "<group>";
		};
		B4E8E605286CEA0200A6B33F /* Views */ = {
			isa = PBXGroup;
			children = (
				B4E8E5FD286CE65500A6B33F /* HomeViewModel.swift */,
				B4E8E5E8286CDB8100A6B33F /* HomeViewController.swift */,
				B4E8E606286CF12900A6B33F /* BusinessViewController.swift */,
			);
			path = Views;
			sourceTree = "<group>";
		};
/* End PBXGroup section */

/* Begin PBXNativeTarget section */
		B4E8E5E0286CDB8100A6B33F /* JEFusion */ = {
			isa = PBXNativeTarget;
			buildConfigurationList = B4E8E5F5286CDB8400A6B33F /* Build configuration list for PBXNativeTarget "JEFusion" */;
			buildPhases = (
				B4E8E5DD286CDB8100A6B33F /* Sources */,
				B4E8E5DE286CDB8100A6B33F /* Frameworks */,
				B4E8E5DF286CDB8100A6B33F /* Resources */,
			);
			buildRules = (
			);
			dependencies = (
			);
			name = JEFusion;
			packageProductDependencies = (
				B4E8E600286CE78E00A6B33F /* SnapKit */,
			);
			productName = JEFusion;
			productReference = B4E8E5E1286CDB8100A6B33F /* JEFusion.app */;
			productType = "com.apple.product-type.application";
		};
/* End PBXNativeTarget section */

/* Begin PBXProject section */
		B4E8E5D9286CDB8100A6B33F /* Project object */ = {
			isa = PBXProject;
			attributes = {
				BuildIndependentTargetsInParallel = 1;
				LastSwiftUpdateCheck = 1320;
				LastUpgradeCheck = 1320;
				TargetAttributes = {
					B4E8E5E0286CDB8100A6B33F = {
						CreatedOnToolsVersion = 13.2.1;
					};
				};
			};
			buildConfigurationList = B4E8E5DC286CDB8100A6B33F /* Build configuration list for PBXProject "JEFusion" */;
			compatibilityVersion = "Xcode 13.0";
			developmentRegion = en;
			hasScannedForEncodings = 0;
			knownRegions = (
				en,
				Base,
			);
			mainGroup = B4E8E5D8286CDB8100A6B33F;
			packageReferences = (
				B4E8E5FF286CE78E00A6B33F /* XCRemoteSwiftPackageReference "SnapKit" */,
			);
			productRefGroup = B4E8E5E2286CDB8100A6B33F /* Products */;
			projectDirPath = "";
			projectRoot = "";
			targets = (
				B4E8E5E0286CDB8100A6B33F /* JEFusion */,
			);
		};
/* End PBXProject section */

/* Begin PBXResourcesBuildPhase section */
		B4E8E5DF286CDB8100A6B33F /* Resources */ = {
			isa = PBXResourcesBuildPhase;
			buildActionMask = 2147483647;
			files = (
				B4E8E5F1286CDB8400A6B33F /* LaunchScreen.storyboard in Resources */,
				B4E8E5EE286CDB8400A6B33F /* Assets.xcassets in Resources */,
				B4E8E5EC286CDB8100A6B33F /* Main.storyboard in Resources */,
			);
			runOnlyForDeploymentPostprocessing = 0;
		};
/* End PBXResourcesBuildPhase section */

/* Begin PBXSourcesBuildPhase section */
		B4E8E5DD286CDB8100A6B33F /* Sources */ = {
			isa = PBXSourcesBuildPhase;
			buildActionMask = 2147483647;
			files = (
				B4E8E607286CF12900A6B33F /* BusinessViewController.swift in Sources */,
				B4E8E60D286D008200A6B33F /* URLSessionHTTPClient.swift in Sources */,
				B4E8E5E9286CDB8100A6B33F /* HomeViewController.swift in Sources */,
				B4E8E609286CFB8C00A6B33F /* BusinessLoader.swift in Sources */,
				B4E8E5E5286CDB8100A6B33F /* AppDelegate.swift in Sources */,
				B4E8E604286CE9F800A6B33F /* CityCell.swift in Sources */,
				B4E8E5FA286CE3F400A6B33F /* City.swift in Sources */,
				B4E8E5FE286CE65500A6B33F /* HomeViewModel.swift in Sources */,
				B4E8E60B286CFD8F00A6B33F /* APIService.swift in Sources */,
				B4E8E5E7286CDB8100A6B33F /* SceneDelegate.swift in Sources */,
			);
			runOnlyForDeploymentPostprocessing = 0;
		};
/* End PBXSourcesBuildPhase section */

/* Begin PBXVariantGroup section */
		B4E8E5EA286CDB8100A6B33F /* Main.storyboard */ = {
			isa = PBXVariantGroup;
			children = (
				B4E8E5EB286CDB8100A6B33F /* Base */,
			);
			name = Main.storyboard;
			sourceTree = "<group>";
		};
		B4E8E5EF286CDB8400A6B33F /* LaunchScreen.storyboard */ = {
			isa = PBXVariantGroup;
			children = (
				B4E8E5F0286CDB8400A6B33F /* Base */,
			);
			name = LaunchScreen.storyboard;
			sourceTree = "<group>";
		};
/* End PBXVariantGroup section */

/* Begin XCBuildConfiguration section */
		B4E8E5F3286CDB8400A6B33F /* Debug */ = {
			isa = XCBuildConfiguration;
			buildSettings = {
				ALWAYS_SEARCH_USER_PATHS = NO;
				CLANG_ANALYZER_NONNULL = YES;
				CLANG_ANALYZER_NUMBER_OBJECT_CONVERSION = YES_AGGRESSIVE;
				CLANG_CXX_LANGUAGE_STANDARD = "gnu++17";
				CLANG_CXX_LIBRARY = "libc++";
				CLANG_ENABLE_MODULES = YES;
				CLANG_ENABLE_OBJC_ARC = YES;
				CLANG_ENABLE_OBJC_WEAK = YES;
				CLANG_WARN_BLOCK_CAPTURE_AUTORELEASING = YES;
				CLANG_WARN_BOOL_CONVERSION = YES;
				CLANG_WARN_COMMA = YES;
				CLANG_WARN_CONSTANT_CONVERSION = YES;
				CLANG_WARN_DEPRECATED_OBJC_IMPLEMENTATIONS = YES;
				CLANG_WARN_DIRECT_OBJC_ISA_USAGE = YES_ERROR;
				CLANG_WARN_DOCUMENTATION_COMMENTS = YES;
				CLANG_WARN_EMPTY_BODY = YES;
				CLANG_WARN_ENUM_CONVERSION = YES;
				CLANG_WARN_INFINITE_RECURSION = YES;
				CLANG_WARN_INT_CONVERSION = YES;
				CLANG_WARN_NON_LITERAL_NULL_CONVERSION = YES;
				CLANG_WARN_OBJC_IMPLICIT_RETAIN_SELF = YES;
				CLANG_WARN_OBJC_LITERAL_CONVERSION = YES;
				CLANG_WARN_OBJC_ROOT_CLASS = YES_ERROR;
				CLANG_WARN_QUOTED_INCLUDE_IN_FRAMEWORK_HEADER = YES;
				CLANG_WARN_RANGE_LOOP_ANALYSIS = YES;
				CLANG_WARN_STRICT_PROTOTYPES = YES;
				CLANG_WARN_SUSPICIOUS_MOVE = YES;
				CLANG_WARN_UNGUARDED_AVAILABILITY = YES_AGGRESSIVE;
				CLANG_WARN_UNREACHABLE_CODE = YES;
				CLANG_WARN__DUPLICATE_METHOD_MATCH = YES;
				COPY_PHASE_STRIP = NO;
				DEBUG_INFORMATION_FORMAT = dwarf;
				ENABLE_STRICT_OBJC_MSGSEND = YES;
				ENABLE_TESTABILITY = YES;
				GCC_C_LANGUAGE_STANDARD = gnu11;
				GCC_DYNAMIC_NO_PIC = NO;
				GCC_NO_COMMON_BLOCKS = YES;
				GCC_OPTIMIZATION_LEVEL = 0;
				GCC_PREPROCESSOR_DEFINITIONS = (
					"DEBUG=1",
					"$(inherited)",
				);
				GCC_WARN_64_TO_32_BIT_CONVERSION = YES;
				GCC_WARN_ABOUT_RETURN_TYPE = YES_ERROR;
				GCC_WARN_UNDECLARED_SELECTOR = YES;
				GCC_WARN_UNINITIALIZED_AUTOS = YES_AGGRESSIVE;
				GCC_WARN_UNUSED_FUNCTION = YES;
				GCC_WARN_UNUSED_VARIABLE = YES;
				IPHONEOS_DEPLOYMENT_TARGET = 14.0;
				MTL_ENABLE_DEBUG_INFO = INCLUDE_SOURCE;
				MTL_FAST_MATH = YES;
				ONLY_ACTIVE_ARCH = YES;
				SDKROOT = iphoneos;
				SWIFT_ACTIVE_COMPILATION_CONDITIONS = DEBUG;
				SWIFT_OPTIMIZATION_LEVEL = "-Onone";
			};
			name = Debug;
		};
		B4E8E5F4286CDB8400A6B33F /* Release */ = {
			isa = XCBuildConfiguration;
			buildSettings = {
				ALWAYS_SEARCH_USER_PATHS = NO;
				CLANG_ANALYZER_NONNULL = YES;
				CLANG_ANALYZER_NUMBER_OBJECT_CONVERSION = YES_AGGRESSIVE;
				CLANG_CXX_LANGUAGE_STANDARD = "gnu++17";
				CLANG_CXX_LIBRARY = "libc++";
				CLANG_ENABLE_MODULES = YES;
				CLANG_ENABLE_OBJC_ARC = YES;
				CLANG_ENABLE_OBJC_WEAK = YES;
				CLANG_WARN_BLOCK_CAPTURE_AUTORELEASING = YES;
				CLANG_WARN_BOOL_CONVERSION = YES;
				CLANG_WARN_COMMA = YES;
				CLANG_WARN_CONSTANT_CONVERSION = YES;
				CLANG_WARN_DEPRECATED_OBJC_IMPLEMENTATIONS = YES;
				CLANG_WARN_DIRECT_OBJC_ISA_USAGE = YES_ERROR;
				CLANG_WARN_DOCUMENTATION_COMMENTS = YES;
				CLANG_WARN_EMPTY_BODY = YES;
				CLANG_WARN_ENUM_CONVERSION = YES;
				CLANG_WARN_INFINITE_RECURSION = YES;
				CLANG_WARN_INT_CONVERSION = YES;
				CLANG_WARN_NON_LITERAL_NULL_CONVERSION = YES;
				CLANG_WARN_OBJC_IMPLICIT_RETAIN_SELF = YES;
				CLANG_WARN_OBJC_LITERAL_CONVERSION = YES;
				CLANG_WARN_OBJC_ROOT_CLASS = YES_ERROR;
				CLANG_WARN_QUOTED_INCLUDE_IN_FRAMEWORK_HEADER = YES;
				CLANG_WARN_RANGE_LOOP_ANALYSIS = YES;
				CLANG_WARN_STRICT_PROTOTYPES = YES;
				CLANG_WARN_SUSPICIOUS_MOVE = YES;
				CLANG_WARN_UNGUARDED_AVAILABILITY = YES_AGGRESSIVE;
				CLANG_WARN_UNREACHABLE_CODE = YES;
				CLANG_WARN__DUPLICATE_METHOD_MATCH = YES;
				COPY_PHASE_STRIP = NO;
				DEBUG_INFORMATION_FORMAT = "dwarf-with-dsym";
				ENABLE_NS_ASSERTIONS = NO;
				ENABLE_STRICT_OBJC_MSGSEND = YES;
				GCC_C_LANGUAGE_STANDARD = gnu11;
				GCC_NO_COMMON_BLOCKS = YES;
				GCC_WARN_64_TO_32_BIT_CONVERSION = YES;
				GCC_WARN_ABOUT_RETURN_TYPE = YES_ERROR;
				GCC_WARN_UNDECLARED_SELECTOR = YES;
				GCC_WARN_UNINITIALIZED_AUTOS = YES_AGGRESSIVE;
				GCC_WARN_UNUSED_FUNCTION = YES;
				GCC_WARN_UNUSED_VARIABLE = YES;
				IPHONEOS_DEPLOYMENT_TARGET = 14.0;
				MTL_ENABLE_DEBUG_INFO = NO;
				MTL_FAST_MATH = YES;
				SDKROOT = iphoneos;
				SWIFT_COMPILATION_MODE = wholemodule;
				SWIFT_OPTIMIZATION_LEVEL = "-O";
				VALIDATE_PRODUCT = YES;
			};
			name = Release;
		};
		B4E8E5F6286CDB8400A6B33F /* Debug */ = {
			isa = XCBuildConfiguration;
			buildSettings = {
				ASSETCATALOG_COMPILER_APPICON_NAME = AppIcon;
				ASSETCATALOG_COMPILER_GLOBAL_ACCENT_COLOR_NAME = AccentColor;
				CODE_SIGN_STYLE = Automatic;
				CURRENT_PROJECT_VERSION = 1;
				DEVELOPMENT_TEAM = FL29S3YYFY;
				GENERATE_INFOPLIST_FILE = YES;
				INFOPLIST_FILE = JEFusion/Info.plist;
				INFOPLIST_KEY_UIApplicationSupportsIndirectInputEvents = YES;
				INFOPLIST_KEY_UILaunchStoryboardName = LaunchScreen;
				INFOPLIST_KEY_UISupportedInterfaceOrientations_iPad = "UIInterfaceOrientationPortrait UIInterfaceOrientationPortraitUpsideDown UIInterfaceOrientationLandscapeLeft UIInterfaceOrientationLandscapeRight";
				INFOPLIST_KEY_UISupportedInterfaceOrientations_iPhone = "UIInterfaceOrientationPortrait UIInterfaceOrientationLandscapeLeft UIInterfaceOrientationLandscapeRight";
				IPHONEOS_DEPLOYMENT_TARGET = 14.0;
				LD_RUNPATH_SEARCH_PATHS = (
					"$(inherited)",
					"@executable_path/Frameworks",
				);
				MARKETING_VERSION = 1.0;
				PRODUCT_BUNDLE_IDENTIFIER = com.tantt.JEFusion;
				PRODUCT_NAME = "$(TARGET_NAME)";
				SWIFT_EMIT_LOC_STRINGS = YES;
				SWIFT_VERSION = 5.0;
				TARGETED_DEVICE_FAMILY = "1,2";
			};
			name = Debug;
		};
		B4E8E5F7286CDB8400A6B33F /* Release */ = {
			isa = XCBuildConfiguration;
			buildSettings = {
				ASSETCATALOG_COMPILER_APPICON_NAME = AppIcon;
				ASSETCATALOG_COMPILER_GLOBAL_ACCENT_COLOR_NAME = AccentColor;
				CODE_SIGN_STYLE = Automatic;
				CURRENT_PROJECT_VERSION = 1;
				DEVELOPMENT_TEAM = FL29S3YYFY;
				GENERATE_INFOPLIST_FILE = YES;
				INFOPLIST_FILE = JEFusion/Info.plist;
				INFOPLIST_KEY_UIApplicationSupportsIndirectInputEvents = YES;
				INFOPLIST_KEY_UILaunchStoryboardName = LaunchScreen;
				INFOPLIST_KEY_UISupportedInterfaceOrientations_iPad = "UIInterfaceOrientationPortrait UIInterfaceOrientationPortraitUpsideDown UIInterfaceOrientationLandscapeLeft UIInterfaceOrientationLandscapeRight";
				INFOPLIST_KEY_UISupportedInterfaceOrientations_iPhone = "UIInterfaceOrientationPortrait UIInterfaceOrientationLandscapeLeft UIInterfaceOrientationLandscapeRight";
				IPHONEOS_DEPLOYMENT_TARGET = 14.0;
				LD_RUNPATH_SEARCH_PATHS = (
					"$(inherited)",
					"@executable_path/Frameworks",
				);
				MARKETING_VERSION = 1.0;
				PRODUCT_BUNDLE_IDENTIFIER = com.tantt.JEFusion;
				PRODUCT_NAME = "$(TARGET_NAME)";
				SWIFT_EMIT_LOC_STRINGS = YES;
				SWIFT_VERSION = 5.0;
				TARGETED_DEVICE_FAMILY = "1,2";
			};
			name = Release;
		};
/* End XCBuildConfiguration section */

/* Begin XCConfigurationList section */
		B4E8E5DC286CDB8100A6B33F /* Build configuration list for PBXProject "JEFusion" */ = {
			isa = XCConfigurationList;
			buildConfigurations = (
				B4E8E5F3286CDB8400A6B33F /* Debug */,
				B4E8E5F4286CDB8400A6B33F /* Release */,
			);
			defaultConfigurationIsVisible = 0;
			defaultConfigurationName = Release;
		};
		B4E8E5F5286CDB8400A6B33F /* Build configuration list for PBXNativeTarget "JEFusion" */ = {
			isa = XCConfigurationList;
			buildConfigurations = (
				B4E8E5F6286CDB8400A6B33F /* Debug */,
				B4E8E5F7286CDB8400A6B33F /* Release */,
			);
			defaultConfigurationIsVisible = 0;
			defaultConfigurationName = Release;
		};
/* End XCConfigurationList section */

/* Begin XCRemoteSwiftPackageReference section */
		B4E8E5FF286CE78E00A6B33F /* XCRemoteSwiftPackageReference "SnapKit" */ = {
			isa = XCRemoteSwiftPackageReference;
			repositoryURL = "https://github.com/SnapKit/SnapKit.git";
			requirement = {
				kind = upToNextMajorVersion;
				minimumVersion = 5.0.0;
			};
		};
/* End XCRemoteSwiftPackageReference section */

/* Begin XCSwiftPackageProductDependency section */
		B4E8E600286CE78E00A6B33F /* SnapKit */ = {
			isa = XCSwiftPackageProductDependency;
			package = B4E8E5FF286CE78E00A6B33F /* XCRemoteSwiftPackageReference "SnapKit" */;
			productName = SnapKit;
		};
/* End XCSwiftPackageProductDependency section */
	};
	rootObject = B4E8E5D9286CDB8100A6B33F /* Project object */;
}
